
Microsoft Visual Studio Solution File, Format Version 12.00
# Visual Studio Version 17
VisualStudioVersion = 17.5.002.0
MinimumVisualStudioVersion = 10.0.40219.1
Project("{9A19103F-16F7-4668-BE54-9A1E7A4F7556}") = "WebApplication3", "WebApplication3.csproj", "{8BA1D414-6B8D-4CD1-A206-52B9F73B5387}"
EndProject
Global
	GlobalSection(SolutionConfigurationPlatforms) = preSolution
		Debug|Any CPU = Debug|Any CPU
		Release|Any CPU = Release|Any CPU
	EndGlobalSection
	GlobalSection(ProjectConfigurationPlatforms) = postSolution
		{8BA1D414-6B8D-4CD1-A206-52B9F73B5387}.Debug|Any CPU.ActiveCfg = Debug|Any CPU
		{8BA1D414-6B8D-4CD1-A206-52B9F73B5387}.Debug|Any CPU.Build.0 = Debug|Any CPU
		{8BA1D414-6B8D-4CD1-A206-52B9F73B5387}.Release|Any CPU.ActiveCfg = Release|Any CPU
		{8BA1D414-6B8D-4CD1-A206-52B9F73B5387}.Release|Any CPU.Build.0 = Release|Any CPU
	EndGlobalSection
	GlobalSection(SolutionProperties) = preSolution
		HideSolutionNode = FALSE
	EndGlobalSection
	GlobalSection(ExtensibilityGlobals) = postSolution
		SolutionGuid = {F8460A08-DDA2-4C2D-B347-F894FA2C1B6E}
	EndGlobalSection
EndGlobal
